lockfileVersion: 5.3

specifiers:
  '@rmw/md-include': ^0.4.5
  coffeescript: ^2.6.1
  source-map-support: ^0.5.20

dependencies:
  '@rmw/md-include': registry.npmmirror.com/@rmw/md-include/0.4.5
  coffeescript: registry.npmmirror.com/coffeescript/2.6.1
  source-map-support: registry.nlark.com/source-map-support/0.5.20

packages:

  registry.nlark.com/buffer-from/1.1.2:
    resolution: {integrity: sha1-KxRqb9cugLT1XSVfNe1Zo6mkG9U=, registry: https://registry.npm.taobao.org/, tarball: https://registry.nlark.com/buffer-from/download/buffer-from-1.1.2.tgz}
    name: buffer-from
    version: 1.1.2
    dev: false

  registry.nlark.com/source-map-support/0.5.20:
    resolution: {integrity: sha1-EhZgifj15ejFaSazd2Mzkt0stsk=, registry: https://registry.npm.taobao.org/, tarball: https://registry.nlark.com/source-map-support/download/source-map-support-0.5.20.tgz}
    name: source-map-support
    version: 0.5.20
    dependencies:
      buffer-from: registry.nlark.com/buffer-from/1.1.2
      source-map: registry.npmmirror.com/source-map/0.6.1
    dev: false

  registry.npmmirror.com/@rmw/md-include/0.4.5:
    resolution: {integrity: sha1-B7BLw/3Nfn/nbQfy1R1xho/QH4g=, registry: https://registry.npm.taobao.org/, tarball: https://registry.npmmirror.com/@rmw/md-include/download/@rmw/md-include-0.4.5.tgz}
    name: '@rmw/md-include'
    version: 0.4.5
    hasBin: true
    dependencies:
      q: registry.npmmirror.com/q/1.5.1
    dev: false

  registry.npmmirror.com/coffeescript/2.6.1:
    resolution: {integrity: sha1-+eXUkw4bihxc+6f5XuvRhpTOWP0=, registry: https://registry.npm.taobao.org/, tarball: https://registry.npmmirror.com/coffeescript/download/coffeescript-2.6.1.tgz}
    name: coffeescript
    version: 2.6.1
    engines: {node: '>=6'}
    hasBin: true
    dev: false

  registry.npmmirror.com/q/1.5.1:
    resolution: {integrity: sha1-fjL3W0E4EpHQRhHxvxQQmsAGUdc=, registry: https://registry.npm.taobao.org/, tarball: https://registry.npmmirror.com/q/download/q-1.5.1.tgz}
    name: q
    version: 1.5.1
    engines: {node: '>=0.6.0', teleport: '>=0.2.0'}
    dev: false

  registry.npmmirror.com/source-map/0.6.1:
    resolution: {integrity: sha1-dHIq8y6WFOnCh6jQu95IteLxomM=, registry: https://registry.npm.taobao.org/, tarball: https://registry.npmmirror.com/source-map/download/source-map-0.6.1.tgz}
    name: source-map
    version: 0.6.1
    engines: {node: '>=0.10.0'}
    dev: false
